{
  "name": "lambda",
  "lockfileVersion": 2,
  "requires": true,
  "packages": {
    "": {
      "dependencies": {
        "nimstall": "^1.0.4"
      }
    },
    "node_modules/nimstall": {
      "version": "1.0.4",
      "resolved": "https://registry.npmjs.org/nimstall/-/nimstall-1.0.4.tgz",
      "integrity": "sha512-aSyJWEShYchMtScbEDTiVFTmMtosmjzbqBt15NJE54ieED0F7DdPZjS722XfKDCWulvTvw58Fzscz4Vdy4tlFA==",
      "bin": {
        "nimstall": "bin.js"
      }
    }
  },
  "dependencies": {
    "nimstall": {
      "version": "1.0.4",
      "resolved": "https://registry.npmjs.org/nimstall/-/nimstall-1.0.4.tgz",
      "integrity": "sha512-aSyJWEShYchMtScbEDTiVFTmMtosmjzbqBt15NJE54ieED0F7DdPZjS722XfKDCWulvTvw58Fzscz4Vdy4tlFA=="
    }
  }
}
